
Microsoft Visual Studio Solution File, Format Version 12.00
# Visual Studio Version 16
VisualStudioVersion = 16.0.31702.278
MinimumVisualStudioVersion = 10.0.40219.1
Project("{9A19103F-16F7-4668-BE54-9A1E7A4F7556}") = "AnimalMatchingGame", "WpfApp1\AnimalMatchingGame.csproj", "{A825B4B0-A3DC-4C53-95A4-18317F28D91D}"
EndProject
Global
	GlobalSection(SolutionConfigurationPlatforms) = preSolution
		Debug|Any CPU = Debug|Any CPU
		Release|Any CPU = Release|Any CPU
	EndGlobalSection
	GlobalSection(ProjectConfigurationPlatforms) = postSolution
		{A825B4B0-A3DC-4C53-95A4-18317F28D91D}.Debug|Any CPU.ActiveCfg = Debug|Any CPU
		{A825B4B0-A3DC-4C53-95A4-18317F28D91D}.Debug|Any CPU.Build.0 = Debug|Any CPU
		{A825B4B0-A3DC-4C53-95A4-18317F28D91D}.Release|Any CPU.ActiveCfg = Release|Any CPU
		{A825B4B0-A3DC-4C53-95A4-18317F28D91D}.Release|Any CPU.Build.0 = Release|Any CPU
	EndGlobalSection
	GlobalSection(SolutionProperties) = preSolution
		HideSolutionNode = FALSE
	EndGlobalSection
	GlobalSection(ExtensibilityGlobals) = postSolution
		SolutionGuid = {8AC5A343-022B-4703-8213-BECCFC961FC6}
	EndGlobalSection
EndGlobal
